github.com/Chris4589/module_test v0.0.0-20220410184915-3bb9cd3f1a8d h1:nQxk4cVtDSPQGfKRJmlX+JYogxh8AHUCYjyNXOG8u24=
github.com/Chris4589/module_test v0.0.0-20220410184915-3bb9cd3f1a8d/go.mod h1:8/BdLLPmxmxE90w7+goqQbnbCsbWoyQaAP2s0X7B4io=
github.com/donvito/hellomod v1.0.0 h1:EFU0UJekS4wJ0kn4lIUu4VfTv5e15maSXa6rujDURvg=
github.com/donvito/hellomod v1.0.0/go.mod h1:DuOSvrBCwGkjX0WS5ohdpC/q67fS0Mde3LEM+2jeHSw=
